// !$*UTF8*$!
{
	archiveVersion = 1;
	classes = {
	};
	objectVersion = 46;
	objects = {

/* Begin PBXBuildFile section */
		B6843F5E1968B1DA008B43FA /* AppDelegate.swift in Sources */ = {isa = PBXBuildFile; fileRef = B6843F5D1968B1DA008B43FA /* AppDelegate.swift */; };
		B6843F601968B1DA008B43FA /* ViewController.swift in Sources */ = {isa = PBXBuildFile; fileRef = B6843F5F1968B1DA008B43FA /* ViewController.swift */; };
		B6843F631968B1DA008B43FA /* Main.storyboard in Resources */ = {isa = PBXBuildFile; fileRef = B6843F611968B1DA008B43FA /* Main.storyboard */; };
		B6843F651968B1DA008B43FA /* Images.xcassets in Resources */ = {isa = PBXBuildFile; fileRef = B6843F641968B1DA008B43FA /* Images.xcassets */; };
		B6843F711968B1DA008B43FA /* MotionMonitorTests.swift in Sources */ = {isa = PBXBuildFile; fileRef = B6843F701968B1DA008B43FA /* MotionMonitorTests.swift */; };
		B6A5D53919BFE312009329D4 /* Launch Screen.xib in Resources */ = {isa = PBXBuildFile; fileRef = B6A5D53819BFE312009329D4 /* Launch Screen.xib */; };
/* End PBXBuildFile section */

/* Begin PBXContainerItemProxy section */
		B6843F6B1968B1DA008B43FA /* PBXContainerItemProxy */ = {
			isa = PBXContainerItemProxy;
			containerPortal = B6843F501968B1DA008B43FA /* Project object */;
			proxyType = 1;
			remoteGlobalIDString = B6843F571968B1DA008B43FA;
			remoteInfo = MotionMonitor;
		};
/* End PBXContainerItemProxy section */

/* Begin PBXFileReference section */
		B6843F581968B1DA008B43FA /* MotionMonitor.app */ = {isa = PBXFileReference; explicitFileType = wrapper.application; includeInIndex = 0; path = MotionMonitor.app; sourceTree = BUILT_PRODUCTS_DIR; };
		B6843F5C1968B1DA008B43FA /* Info.plist */ = {isa = PBXFileReference; lastKnownFileType = text.plist.xml; path = Info.plist; sourceTree = "<group>"; };
		B6843F5D1968B1DA008B43FA /* AppDelegate.swift */ = {isa = PBXFileReference; lastKnownFileType = sourcecode.swift; path = AppDelegate.swift; sourceTree = "<group>"; };
		B6843F5F1968B1DA008B43FA /* ViewController.swift */ = {isa = PBXFileReference; lastKnownFileType = sourcecode.swift; path = ViewController.swift; sourceTree = "<group>"; };
		B6843F621968B1DA008B43FA /* Base */ = {isa = PBXFileReference; lastKnownFileType = file.storyboard; name = Base; path = Base.lproj/Main.storyboard; sourceTree = "<group>"; };
		B6843F641968B1DA008B43FA /* Images.xcassets */ = {isa = PBXFileReference; lastKnownFileType = folder.assetcatalog; path = Images.xcassets; sourceTree = "<group>"; };
		B6843F6A1968B1DA008B43FA /* MotionMonitorTests.xctest */ = {isa = PBXFileReference; explicitFileType = wrapper.cfbundle; includeInIndex = 0; path = MotionMonitorTests.xctest; sourceTree = BUILT_PRODUCTS_DIR; };
		B6843F6F1968B1DA008B43FA /* Info.plist */ = {isa = PBXFileReference; lastKnownFileType = text.plist.xml; path = Info.plist; sourceTree = "<group>"; };
		B6843F701968B1DA008B43FA /* MotionMonitorTests.swift */ = {isa = PBXFileReference; lastKnownFileType = sourcecode.swift; path = MotionMonitorTests.swift; sourceTree = "<group>"; };
		B6A5D53819BFE312009329D4 /* Launch Screen.xib */ = {isa = PBXFileReference; fileEncoding = 4; lastKnownFileType = file.xib; path = "Launch Screen.xib"; sourceTree = "<group>"; };
/* End PBXFileReference section */

/* Begin PBXFrameworksBuildPhase section */
		B6843F551968B1DA008B43FA /* Frameworks */ = {
			isa = PBXFrameworksBuildPhase;
			buildActionMask = 2147483647;
			files = (
			);
			runOnlyForDeploymentPostprocessing = 0;
		};
		B6843F671968B1DA008B43FA /* Frameworks */ = {
			isa = PBXFrameworksBuildPhase;
			buildActionMask = 2147483647;
			files = (
			);
			runOnlyForDeploymentPostprocessing = 0;
		};
/* End PBXFrameworksBuildPhase section */

/* Begin PBXGroup section */
		B6843F4F1968B1DA008B43FA = {
			isa = PBXGroup;
			children = (
				B6843F5A1968B1DA008B43FA /* MotionMonitor */,
				B6843F6D1968B1DA008B43FA /* MotionMonitorTests */,
				B6843F591968B1DA008B43FA /* Products */,
			);
			sourceTree = "<group>";
		};
		B6843F591968B1DA008B43FA /* Products */ = {
			isa = PBXGroup;
			children = (
				B6843F581968B1DA008B43FA /* MotionMonitor.app */,
				B6843F6A1968B1DA008B43FA /* MotionMonitorTests.xctest */,
			);
			name = Products;
			sourceTree = "<group>";
		};
		B6843F5A1968B1DA008B43FA /* MotionMonitor */ = {
			isa = PBXGroup;
			children = (
				B6843F5D1968B1DA008B43FA /* AppDelegate.swift */,
				B6843F5F1968B1DA008B43FA /* ViewController.swift */,
				B6843F611968B1DA008B43FA /* Main.storyboard */,
				B6843F641968B1DA008B43FA /* Images.xcassets */,
				B6A5D53819BFE312009329D4 /* Launch Screen.xib */,
				B6843F5B1968B1DA008B43FA /* Supporting Files */,
			);
			path = MotionMonitor;
			sourceTree = "<group>";
		};
		B6843F5B1968B1DA008B43FA /* Supporting Files */ = {
			isa = PBXGroup;
			children = (
				B6843F5C1968B1DA008B43FA /* Info.plist */,
			);
			name = "Supporting Files";
			sourceTree = "<group>";
		};
		B6843F6D1968B1DA008B43FA /* MotionMonitorTests */ = {
			isa = PBXGroup;
			children = (
				B6843F701968B1DA008B43FA /* MotionMonitorTests.swift */,
				B6843F6E1968B1DA008B43FA /* Supporting Files */,
			);
			path = MotionMonitorTests;
			sourceTree = "<group>";
		};
		B6843F6E1968B1DA008B43FA /* Supporting Files */ = {
			isa = PBXGroup;
			children = (
				B6843F6F1968B1DA008B43FA /* Info.plist */,
			);
			name = "Supporting Files";
			sourceTree = "<group>";
		};
/* End PBXGroup section */

/* Begin PBXNativeTarget section */
		B6843F571968B1DA008B43FA /* MotionMonitor */ = {
			isa = PBXNativeTarget;
			buildConfigurationList = B6843F741968B1DA008B43FA /* Build configuration list for PBXNativeTarget "MotionMonitor" */;
			buildPhases = (
				B6843F541968B1DA008B43FA /* Sources */,
				B6843F551968B1DA008B43FA /* Frameworks */,
				B6843F561968B1DA008B43FA /* Resources */,
			);
			buildRules = (
			);
			dependencies = (
			);
			name = MotionMonitor;
			productName = MotionMonitor;
			productReference = B6843F581968B1DA008B43FA /* MotionMonitor.app */;
			productType = "com.apple.product-type.application";
		};
		B6843F691968B1DA008B43FA /* MotionMonitorTests */ = {
			isa = PBXNativeTarget;
			buildConfigurationList = B6843F771968B1DA008B43FA /* Build configuration list for PBXNativeTarget "MotionMonitorTests" */;
			buildPhases = (
				B6843F661968B1DA008B43FA /* Sources */,
				B6843F671968B1DA008B43FA /* Frameworks */,
				B6843F681968B1DA008B43FA /* Resources */,
			);
			buildRules = (
			);
			dependencies = (
				B6843F6C1968B1DA008B43FA /* PBXTargetDependency */,
			);
			name = MotionMonitorTests;
			productName = MotionMonitorTests;
			productReference = B6843F6A1968B1DA008B43FA /* MotionMonitorTests.xctest */;
			productType = "com.apple.product-type.bundle.unit-test";
		};
/* End PBXNativeTarget section */

/* Begin PBXProject section */
		B6843F501968B1DA008B43FA /* Project object */ = {
			isa = PBXProject;
			attributes = {
				LastUpgradeCheck = 0600;
				ORGANIZATIONNAME = Apress;
				TargetAttributes = {
					B6843F571968B1DA008B43FA = {
						CreatedOnToolsVersion = 6.0;
					};
					B6843F691968B1DA008B43FA = {
						CreatedOnToolsVersion = 6.0;
						TestTargetID = B6843F571968B1DA008B43FA;
					};
				};
			};
			buildConfigurationList = B6843F531968B1DA008B43FA /* Build configuration list for PBXProject "MotionMonitor" */;
			compatibilityVersion = "Xcode 3.2";
			developmentRegion = English;
			hasScannedForEncodings = 0;
			knownRegions = (
				en,
				Base,
			);
			mainGroup = B6843F4F1968B1DA008B43FA;
			productRefGroup = B6843F591968B1DA008B43FA /* Products */;
			projectDirPath = "";
			projectRoot = "";
			targets = (
				B6843F571968B1DA008B43FA /* MotionMonitor */,
				B6843F691968B1DA008B43FA /* MotionMonitorTests */,
			);
		};
/* End PBXProject section */

/* Begin PBXResourcesBuildPhase section */
		B6843F561968B1DA008B43FA /* Resources */ = {
			isa = PBXResourcesBuildPhase;
			buildActionMask = 2147483647;
			files = (
				B6843F631968B1DA008B43FA /* Main.storyboard in Resources */,
				B6843F651968B1DA008B43FA /* Images.xcassets in Resources */,
				B6A5D53919BFE312009329D4 /* Launch Screen.xib in Resources */,
			);
			runOnlyForDeploymentPostprocessing = 0;
		};
		B6843F681968B1DA008B43FA /* Resources */ = {
			isa = PBXResourcesBuildPhase;
			buildActionMask = 2147483647;
			files = (
			);
			runOnlyForDeploymentPostprocessing = 0;
		};
/* End PBXResourcesBuildPhase section */

/* Begin PBXSourcesBuildPhase section */
		B6843F541968B1DA008B43FA /* Sources */ = {
			isa = PBXSourcesBuildPhase;
			buildActionMask = 2147483647;
			files = (
				B6843F601968B1DA008B43FA /* ViewController.swift in Sources */,
				B6843F5E1968B1DA008B43FA /* AppDelegate.swift in Sources */,
			);
			runOnlyForDeploymentPostprocessing = 0;
		};
		B6843F661968B1DA008B43FA /* Sources */ = {
			isa = PBXSourcesBuildPhase;
			buildActionMask = 2147483647;
			files = (
				B6843F711968B1DA008B43FA /* MotionMonitorTests.swift in Sources */,
			);
			runOnlyForDeploymentPostprocessing = 0;
		};
/* End PBXSourcesBuildPhase section */

/* Begin PBXTargetDependency section */
		B6843F6C1968B1DA008B43FA /* PBXTargetDependency */ = {
			isa = PBXTargetDependency;
			target = B6843F571968B1DA008B43FA /* MotionMonitor */;
			targetProxy = B6843F6B1968B1DA008B43FA /* PBXContainerItemProxy */;
		};
/* End PBXTargetDependency section */

/* Begin PBXVariantGroup section */
		B6843F611968B1DA008B43FA /* Main.storyboard */ = {
			isa = PBXVariantGroup;
			children = (
				B6843F621968B1DA008B43FA /* Base */,
			);
			name = Main.storyboard;
			sourceTree = "<group>";
		};
/* End PBXVariantGroup section */

/* Begin XCBuildConfiguration section */
		B6843F721968B1DA008B43FA /* Debug */ = {
			isa = XCBuildConfiguration;
			buildSettings = {
				ALWAYS_SEARCH_USER_PATHS = NO;
				CLANG_CXX_LANGUAGE_STANDARD = "gnu++0x";
				CLANG_CXX_LIBRARY = "libc++";
				CLANG_ENABLE_MODULES = YES;
				CLANG_ENABLE_OBJC_ARC = YES;
				CLANG_WARN_BOOL_CONVERSION = YES;
				CLANG_WARN_CONSTANT_CONVERSION = YES;
				CLANG_WARN_DIRECT_OBJC_ISA_USAGE = YES_ERROR;
				CLANG_WARN_EMPTY_BODY = YES;
				CLANG_WARN_ENUM_CONVERSION = YES;
				CLANG_WARN_INT_CONVERSION = YES;
				CLANG_WARN_OBJC_ROOT_CLASS = YES_ERROR;
				CLANG_WARN_UNREACHABLE_CODE = YES;
				CLANG_WARN__DUPLICATE_METHOD_MATCH = YES;
				"CODE_SIGN_IDENTITY[sdk=iphoneos*]" = "iPhone Developer";
				COPY_PHASE_STRIP = NO;
				ENABLE_STRICT_OBJC_MSGSEND = YES;
				GCC_C_LANGUAGE_STANDARD = gnu99;
				GCC_DYNAMIC_NO_PIC = NO;
				GCC_OPTIMIZATION_LEVEL = 0;
				GCC_PREPROCESSOR_DEFINITIONS = (
					"DEBUG=1",
					"$(inherited)",
				);
				GCC_SYMBOLS_PRIVATE_EXTERN = NO;
				GCC_WARN_64_TO_32_BIT_CONVERSION = YES;
				GCC_WARN_ABOUT_RETURN_TYPE = YES_ERROR;
				GCC_WARN_UNDECLARED_SELECTOR = YES;
				GCC_WARN_UNINITIALIZED_AUTOS = YES_AGGRESSIVE;
				GCC_WARN_UNUSED_FUNCTION = YES;
				GCC_WARN_UNUSED_VARIABLE = YES;
				IPHONEOS_DEPLOYMENT_TARGET = 8.0;
				METAL_ENABLE_DEBUG_INFO = YES;
				ONLY_ACTIVE_ARCH = YES;
				SDKROOT = iphoneos;
				SWIFT_OPTIMIZATION_LEVEL = "-Onone";
				TARGETED_DEVICE_FAMILY = "1,2";
			};
			name = Debug;
		};
		B6843F731968B1DA008B43FA /* Release */ = {
			isa = XCBuildConfiguration;
			buildSettings = {
				ALWAYS_SEARCH_USER_PATHS = NO;
				CLANG_CXX_LANGUAGE_STANDARD = "gnu++0x";
				CLANG_CXX_LIBRARY = "libc++";
				CLANG_ENABLE_MODULES = YES;
				CLANG_ENABLE_OBJC_ARC = YES;
				CLANG_WARN_BOOL_CONVERSION = YES;
				CLANG_WARN_CONSTANT_CONVERSION = YES;
				CLANG_WARN_DIRECT_OBJC_ISA_USAGE = YES_ERROR;
				CLANG_WARN_EMPTY_BODY = YES;
				CLANG_WARN_ENUM_CONVERSION = YES;
				CLANG_WARN_INT_CONVERSION = YES;
				CLANG_WARN_OBJC_ROOT_CLASS = YES_ERROR;
				CLANG_WARN_UNREACHABLE_CODE = YES;
				CLANG_WARN__DUPLICATE_METHOD_MATCH = YES;
				"CODE_SIGN_IDENTITY[sdk=iphoneos*]" = "iPhone Developer";
				COPY_PHASE_STRIP = YES;
				ENABLE_NS_ASSERTIONS = NO;
				ENABLE_STRICT_OBJC_MSGSEND = YES;
				GCC_C_LANGUAGE_STANDARD = gnu99;
				GCC_WARN_64_TO_32_BIT_CONVERSION = YES;
				GCC_WARN_ABOUT_RETURN_TYPE = YES_ERROR;
				GCC_WARN_UNDECLARED_SELECTOR = YES;
				GCC_WARN_UNINITIALIZED_AUTOS = YES_AGGRESSIVE;
				GCC_WARN_UNUSED_FUNCTION = YES;
				GCC_WARN_UNUSED_VARIABLE = YES;
				IPHONEOS_DEPLOYMENT_TARGET = 8.0;
				METAL_ENABLE_DEBUG_INFO = NO;
				SDKROOT = iphoneos;
				TARGETED_DEVICE_FAMILY = "1,2";
				VALIDATE_PRODUCT = YES;
			};
			name = Release;
		};
		B6843F751968B1DA008B43FA /* Debug */ = {
			isa = XCBuildConfiguration;
			buildSettings = {
				ASSETCATALOG_COMPILER_APPICON_NAME = AppIcon;
				ASSETCATALOG_COMPILER_LAUNCHIMAGE_NAME = LaunchImage;
				INFOPLIST_FILE = MotionMonitor/Info.plist;
				LD_RUNPATH_SEARCH_PATHS = "$(inherited) @executable_path/Frameworks";
				PRODUCT_NAME = "$(TARGET_NAME)";
			};
			name = Debug;
		};
		B6843F761968B1DA008B43FA /* Release */ = {
			isa = XCBuildConfiguration;
			buildSettings = {
				ASSETCATALOG_COMPILER_APPICON_NAME = AppIcon;
				ASSETCATALOG_COMPILER_LAUNCHIMAGE_NAME = LaunchImage;
				INFOPLIST_FILE = MotionMonitor/Info.plist;
				LD_RUNPATH_SEARCH_PATHS = "$(inherited) @executable_path/Frameworks";
				PRODUCT_NAME = "$(TARGET_NAME)";
			};
			name = Release;
		};
		B6843F781968B1DA008B43FA /* Debug */ = {
			isa = XCBuildConfiguration;
			buildSettings = {
				BUNDLE_LOADER = "$(BUILT_PRODUCTS_DIR)/MotionMonitor.app/MotionMonitor";
				FRAMEWORK_SEARCH_PATHS = (
					"$(SDKROOT)/Developer/Library/Frameworks",
					"$(inherited)",
				);
				GCC_PREPROCESSOR_DEFINITIONS = (
					"DEBUG=1",
					"$(inherited)",
				);
				INFOPLIST_FILE = MotionMonitorTests/Info.plist;
				LD_RUNPATH_SEARCH_PATHS = "$(inherited) @executable_path/Frameworks @loader_path/Frameworks";
				METAL_ENABLE_DEBUG_INFO = YES;
				PRODUCT_NAME = "$(TARGET_NAME)";
				TEST_HOST = "$(BUNDLE_LOADER)";
			};
			name = Debug;
		};
		B6843F791968B1DA008B43FA /* Release */ = {
			isa = XCBuildConfiguration;
			buildSettings = {
				BUNDLE_LOADER = "$(BUILT_PRODUCTS_DIR)/MotionMonitor.app/MotionMonitor";
				FRAMEWORK_SEARCH_PATHS = (
					"$(SDKROOT)/Developer/Library/Frameworks",
					"$(inherited)",
				);
				INFOPLIST_FILE = MotionMonitorTests/Info.plist;
				LD_RUNPATH_SEARCH_PATHS = "$(inherited) @executable_path/Frameworks @loader_path/Frameworks";
				METAL_ENABLE_DEBUG_INFO = NO;
				PRODUCT_NAME = "$(TARGET_NAME)";
				TEST_HOST = "$(BUNDLE_LOADER)";
			};
			name = Release;
		};
/* End XCBuildConfiguration section */

/* Begin XCConfigurationList section */
		B6843F531968B1DA008B43FA /* Build configuration list for PBXProject "MotionMonitor" */ = {
			isa = XCConfigurationList;
			buildConfigurations = (
				B6843F721968B1DA008B43FA /* Debug */,
				B6843F731968B1DA008B43FA /* Release */,
			);
			defaultConfigurationIsVisible = 0;
			defaultConfigurationName = Release;
		};
		B6843F741968B1DA008B43FA /* Build configuration list for PBXNativeTarget "MotionMonitor" */ = {
			isa = XCConfigurationList;
			buildConfigurations = (
				B6843F751968B1DA008B43FA /* Debug */,
				B6843F761968B1DA008B43FA /* Release */,
			);
			defaultConfigurationIsVisible = 0;
			defaultConfigurationName = Release;
		};
		B6843F771968B1DA008B43FA /* Build configuration list for PBXNativeTarget "MotionMonitorTests" */ = {
			isa = XCConfigurationList;
			buildConfigurations = (
				B6843F781968B1DA008B43FA /* Debug */,
				B6843F791968B1DA008B43FA /* Release */,
			);
			defaultConfigurationIsVisible = 0;
			defaultConfigurationName = Release;
		};
/* End XCConfigurationList section */
	};
	rootObject = B6843F501968B1DA008B43FA /* Project object */;
}
