// !$*UTF8*$!
{
	archiveVersion = 1;
	classes = {
	};
	objectVersion = 46;
	objects = {

/* Begin PBXBuildFile section */
		B66D03E119525D6B000B5CA4 /* AppDelegate.swift in Sources */ = {isa = PBXBuildFile; fileRef = B66D03E019525D6B000B5CA4 /* AppDelegate.swift */; };
		B66D03E319525D6B000B5CA4 /* ViewController.swift in Sources */ = {isa = PBXBuildFile; fileRef = B66D03E219525D6B000B5CA4 /* ViewController.swift */; };
		B66D03E619525D6B000B5CA4 /* Main.storyboard in Resources */ = {isa = PBXBuildFile; fileRef = B66D03E419525D6B000B5CA4 /* Main.storyboard */; };
		B66D03E819525D6B000B5CA4 /* Images.xcassets in Resources */ = {isa = PBXBuildFile; fileRef = B66D03E719525D6B000B5CA4 /* Images.xcassets */; };
		B66D03F419525D6B000B5CA4 /* State_LabTests.swift in Sources */ = {isa = PBXBuildFile; fileRef = B66D03F319525D6B000B5CA4 /* State_LabTests.swift */; };
		B66D03FE19525ED5000B5CA4 /* smiley.png in Resources */ = {isa = PBXBuildFile; fileRef = B66D03FD19525ED5000B5CA4 /* smiley.png */; };
		B6A5D51F19BFE06E009329D4 /* Launch Screen.xib in Resources */ = {isa = PBXBuildFile; fileRef = B6A5D51E19BFE06E009329D4 /* Launch Screen.xib */; };
/* End PBXBuildFile section */

/* Begin PBXContainerItemProxy section */
		B66D03EE19525D6B000B5CA4 /* PBXContainerItemProxy */ = {
			isa = PBXContainerItemProxy;
			containerPortal = B66D03D319525D6A000B5CA4 /* Project object */;
			proxyType = 1;
			remoteGlobalIDString = B66D03DA19525D6B000B5CA4;
			remoteInfo = "State Lab";
		};
/* End PBXContainerItemProxy section */

/* Begin PBXFileReference section */
		B66D03DB19525D6B000B5CA4 /* State Lab.app */ = {isa = PBXFileReference; explicitFileType = wrapper.application; includeInIndex = 0; path = "State Lab.app"; sourceTree = BUILT_PRODUCTS_DIR; };
		B66D03DF19525D6B000B5CA4 /* Info.plist */ = {isa = PBXFileReference; lastKnownFileType = text.plist.xml; path = Info.plist; sourceTree = "<group>"; };
		B66D03E019525D6B000B5CA4 /* AppDelegate.swift */ = {isa = PBXFileReference; lastKnownFileType = sourcecode.swift; path = AppDelegate.swift; sourceTree = "<group>"; };
		B66D03E219525D6B000B5CA4 /* ViewController.swift */ = {isa = PBXFileReference; lastKnownFileType = sourcecode.swift; path = ViewController.swift; sourceTree = "<group>"; };
		B66D03E519525D6B000B5CA4 /* Base */ = {isa = PBXFileReference; lastKnownFileType = file.storyboard; name = Base; path = Base.lproj/Main.storyboard; sourceTree = "<group>"; };
		B66D03E719525D6B000B5CA4 /* Images.xcassets */ = {isa = PBXFileReference; lastKnownFileType = folder.assetcatalog; path = Images.xcassets; sourceTree = "<group>"; };
		B66D03ED19525D6B000B5CA4 /* State LabTests.xctest */ = {isa = PBXFileReference; explicitFileType = wrapper.cfbundle; includeInIndex = 0; path = "State LabTests.xctest"; sourceTree = BUILT_PRODUCTS_DIR; };
		B66D03F219525D6B000B5CA4 /* Info.plist */ = {isa = PBXFileReference; lastKnownFileType = text.plist.xml; path = Info.plist; sourceTree = "<group>"; };
		B66D03F319525D6B000B5CA4 /* State_LabTests.swift */ = {isa = PBXFileReference; lastKnownFileType = sourcecode.swift; path = State_LabTests.swift; sourceTree = "<group>"; };
		B66D03FD19525ED5000B5CA4 /* smiley.png */ = {isa = PBXFileReference; lastKnownFileType = image.png; path = smiley.png; sourceTree = "<group>"; };
		B6A5D51E19BFE06E009329D4 /* Launch Screen.xib */ = {isa = PBXFileReference; fileEncoding = 4; lastKnownFileType = file.xib; path = "Launch Screen.xib"; sourceTree = "<group>"; };
/* End PBXFileReference section */

/* Begin PBXFrameworksBuildPhase section */
		B66D03D819525D6B000B5CA4 /* Frameworks */ = {
			isa = PBXFrameworksBuildPhase;
			buildActionMask = 2147483647;
			files = (
			);
			runOnlyForDeploymentPostprocessing = 0;
		};
		B66D03EA19525D6B000B5CA4 /* Frameworks */ = {
			isa = PBXFrameworksBuildPhase;
			buildActionMask = 2147483647;
			files = (
			);
			runOnlyForDeploymentPostprocessing = 0;
		};
/* End PBXFrameworksBuildPhase section */

/* Begin PBXGroup section */
		B66D03D219525D6A000B5CA4 = {
			isa = PBXGroup;
			children = (
				B66D03DD19525D6B000B5CA4 /* State Lab */,
				B66D03F019525D6B000B5CA4 /* State LabTests */,
				B66D03DC19525D6B000B5CA4 /* Products */,
			);
			sourceTree = "<group>";
		};
		B66D03DC19525D6B000B5CA4 /* Products */ = {
			isa = PBXGroup;
			children = (
				B66D03DB19525D6B000B5CA4 /* State Lab.app */,
				B66D03ED19525D6B000B5CA4 /* State LabTests.xctest */,
			);
			name = Products;
			sourceTree = "<group>";
		};
		B66D03DD19525D6B000B5CA4 /* State Lab */ = {
			isa = PBXGroup;
			children = (
				B66D03E019525D6B000B5CA4 /* AppDelegate.swift */,
				B66D03E219525D6B000B5CA4 /* ViewController.swift */,
				B66D03E419525D6B000B5CA4 /* Main.storyboard */,
				B66D03FD19525ED5000B5CA4 /* smiley.png */,
				B66D03E719525D6B000B5CA4 /* Images.xcassets */,
				B6A5D51E19BFE06E009329D4 /* Launch Screen.xib */,
				B66D03DE19525D6B000B5CA4 /* Supporting Files */,
			);
			path = "State Lab";
			sourceTree = "<group>";
		};
		B66D03DE19525D6B000B5CA4 /* Supporting Files */ = {
			isa = PBXGroup;
			children = (
				B66D03DF19525D6B000B5CA4 /* Info.plist */,
			);
			name = "Supporting Files";
			sourceTree = "<group>";
		};
		B66D03F019525D6B000B5CA4 /* State LabTests */ = {
			isa = PBXGroup;
			children = (
				B66D03F319525D6B000B5CA4 /* State_LabTests.swift */,
				B66D03F119525D6B000B5CA4 /* Supporting Files */,
			);
			path = "State LabTests";
			sourceTree = "<group>";
		};
		B66D03F119525D6B000B5CA4 /* Supporting Files */ = {
			isa = PBXGroup;
			children = (
				B66D03F219525D6B000B5CA4 /* Info.plist */,
			);
			name = "Supporting Files";
			sourceTree = "<group>";
		};
/* End PBXGroup section */

/* Begin PBXNativeTarget section */
		B66D03DA19525D6B000B5CA4 /* State Lab */ = {
			isa = PBXNativeTarget;
			buildConfigurationList = B66D03F719525D6B000B5CA4 /* Build configuration list for PBXNativeTarget "State Lab" */;
			buildPhases = (
				B66D03D719525D6B000B5CA4 /* Sources */,
				B66D03D819525D6B000B5CA4 /* Frameworks */,
				B66D03D919525D6B000B5CA4 /* Resources */,
			);
			buildRules = (
			);
			dependencies = (
			);
			name = "State Lab";
			productName = "State Lab";
			productReference = B66D03DB19525D6B000B5CA4 /* State Lab.app */;
			productType = "com.apple.product-type.application";
		};
		B66D03EC19525D6B000B5CA4 /* State LabTests */ = {
			isa = PBXNativeTarget;
			buildConfigurationList = B66D03FA19525D6B000B5CA4 /* Build configuration list for PBXNativeTarget "State LabTests" */;
			buildPhases = (
				B66D03E919525D6B000B5CA4 /* Sources */,
				B66D03EA19525D6B000B5CA4 /* Frameworks */,
				B66D03EB19525D6B000B5CA4 /* Resources */,
			);
			buildRules = (
			);
			dependencies = (
				B66D03EF19525D6B000B5CA4 /* PBXTargetDependency */,
			);
			name = "State LabTests";
			productName = "State LabTests";
			productReference = B66D03ED19525D6B000B5CA4 /* State LabTests.xctest */;
			productType = "com.apple.product-type.bundle.unit-test";
		};
/* End PBXNativeTarget section */

/* Begin PBXProject section */
		B66D03D319525D6A000B5CA4 /* Project object */ = {
			isa = PBXProject;
			attributes = {
				LastUpgradeCheck = 0600;
				ORGANIZATIONNAME = Apress;
				TargetAttributes = {
					B66D03DA19525D6B000B5CA4 = {
						CreatedOnToolsVersion = 6.0;
					};
					B66D03EC19525D6B000B5CA4 = {
						CreatedOnToolsVersion = 6.0;
						TestTargetID = B66D03DA19525D6B000B5CA4;
					};
				};
			};
			buildConfigurationList = B66D03D619525D6A000B5CA4 /* Build configuration list for PBXProject "State Lab" */;
			compatibilityVersion = "Xcode 3.2";
			developmentRegion = English;
			hasScannedForEncodings = 0;
			knownRegions = (
				en,
				Base,
			);
			mainGroup = B66D03D219525D6A000B5CA4;
			productRefGroup = B66D03DC19525D6B000B5CA4 /* Products */;
			projectDirPath = "";
			projectRoot = "";
			targets = (
				B66D03DA19525D6B000B5CA4 /* State Lab */,
				B66D03EC19525D6B000B5CA4 /* State LabTests */,
			);
		};
/* End PBXProject section */

/* Begin PBXResourcesBuildPhase section */
		B66D03D919525D6B000B5CA4 /* Resources */ = {
			isa = PBXResourcesBuildPhase;
			buildActionMask = 2147483647;
			files = (
				B66D03E619525D6B000B5CA4 /* Main.storyboard in Resources */,
				B6A5D51F19BFE06E009329D4 /* Launch Screen.xib in Resources */,
				B66D03FE19525ED5000B5CA4 /* smiley.png in Resources */,
				B66D03E819525D6B000B5CA4 /* Images.xcassets in Resources */,
			);
			runOnlyForDeploymentPostprocessing = 0;
		};
		B66D03EB19525D6B000B5CA4 /* Resources */ = {
			isa = PBXResourcesBuildPhase;
			buildActionMask = 2147483647;
			files = (
			);
			runOnlyForDeploymentPostprocessing = 0;
		};
/* End PBXResourcesBuildPhase section */

/* Begin PBXSourcesBuildPhase section */
		B66D03D719525D6B000B5CA4 /* Sources */ = {
			isa = PBXSourcesBuildPhase;
			buildActionMask = 2147483647;
			files = (
				B66D03E319525D6B000B5CA4 /* ViewController.swift in Sources */,
				B66D03E119525D6B000B5CA4 /* AppDelegate.swift in Sources */,
			);
			runOnlyForDeploymentPostprocessing = 0;
		};
		B66D03E919525D6B000B5CA4 /* Sources */ = {
			isa = PBXSourcesBuildPhase;
			buildActionMask = 2147483647;
			files = (
				B66D03F419525D6B000B5CA4 /* State_LabTests.swift in Sources */,
			);
			runOnlyForDeploymentPostprocessing = 0;
		};
/* End PBXSourcesBuildPhase section */

/* Begin PBXTargetDependency section */
		B66D03EF19525D6B000B5CA4 /* PBXTargetDependency */ = {
			isa = PBXTargetDependency;
			target = B66D03DA19525D6B000B5CA4 /* State Lab */;
			targetProxy = B66D03EE19525D6B000B5CA4 /* PBXContainerItemProxy */;
		};
/* End PBXTargetDependency section */

/* Begin PBXVariantGroup section */
		B66D03E419525D6B000B5CA4 /* Main.storyboard */ = {
			isa = PBXVariantGroup;
			children = (
				B66D03E519525D6B000B5CA4 /* Base */,
			);
			name = Main.storyboard;
			sourceTree = "<group>";
		};
/* End PBXVariantGroup section */

/* Begin XCBuildConfiguration section */
		B66D03F519525D6B000B5CA4 /* Debug */ = {
			isa = XCBuildConfiguration;
			buildSettings = {
				ALWAYS_SEARCH_USER_PATHS = NO;
				CLANG_CXX_LANGUAGE_STANDARD = "gnu++0x";
				CLANG_CXX_LIBRARY = "libc++";
				CLANG_ENABLE_MODULES = YES;
				CLANG_ENABLE_OBJC_ARC = YES;
				CLANG_WARN_BOOL_CONVERSION = YES;
				CLANG_WARN_CONSTANT_CONVERSION = YES;
				CLANG_WARN_DIRECT_OBJC_ISA_USAGE = YES_ERROR;
				CLANG_WARN_EMPTY_BODY = YES;
				CLANG_WARN_ENUM_CONVERSION = YES;
				CLANG_WARN_INT_CONVERSION = YES;
				CLANG_WARN_OBJC_ROOT_CLASS = YES_ERROR;
				CLANG_WARN_UNREACHABLE_CODE = YES;
				CLANG_WARN__DUPLICATE_METHOD_MATCH = YES;
				"CODE_SIGN_IDENTITY[sdk=iphoneos*]" = "iPhone Developer";
				COPY_PHASE_STRIP = NO;
				ENABLE_STRICT_OBJC_MSGSEND = YES;
				GCC_C_LANGUAGE_STANDARD = gnu99;
				GCC_DYNAMIC_NO_PIC = NO;
				GCC_OPTIMIZATION_LEVEL = 0;
				GCC_PREPROCESSOR_DEFINITIONS = (
					"DEBUG=1",
					"$(inherited)",
				);
				GCC_SYMBOLS_PRIVATE_EXTERN = NO;
				GCC_WARN_64_TO_32_BIT_CONVERSION = YES;
				GCC_WARN_ABOUT_RETURN_TYPE = YES_ERROR;
				GCC_WARN_UNDECLARED_SELECTOR = YES;
				GCC_WARN_UNINITIALIZED_AUTOS = YES_AGGRESSIVE;
				GCC_WARN_UNUSED_FUNCTION = YES;
				GCC_WARN_UNUSED_VARIABLE = YES;
				IPHONEOS_DEPLOYMENT_TARGET = 8.0;
				METAL_ENABLE_DEBUG_INFO = YES;
				ONLY_ACTIVE_ARCH = YES;
				SDKROOT = iphoneos;
				SWIFT_OPTIMIZATION_LEVEL = "-Onone";
				TARGETED_DEVICE_FAMILY = "1,2";
			};
			name = Debug;
		};
		B66D03F619525D6B000B5CA4 /* Release */ = {
			isa = XCBuildConfiguration;
			buildSettings = {
				ALWAYS_SEARCH_USER_PATHS = NO;
				CLANG_CXX_LANGUAGE_STANDARD = "gnu++0x";
				CLANG_CXX_LIBRARY = "libc++";
				CLANG_ENABLE_MODULES = YES;
				CLANG_ENABLE_OBJC_ARC = YES;
				CLANG_WARN_BOOL_CONVERSION = YES;
				CLANG_WARN_CONSTANT_CONVERSION = YES;
				CLANG_WARN_DIRECT_OBJC_ISA_USAGE = YES_ERROR;
				CLANG_WARN_EMPTY_BODY = YES;
				CLANG_WARN_ENUM_CONVERSION = YES;
				CLANG_WARN_INT_CONVERSION = YES;
				CLANG_WARN_OBJC_ROOT_CLASS = YES_ERROR;
				CLANG_WARN_UNREACHABLE_CODE = YES;
				CLANG_WARN__DUPLICATE_METHOD_MATCH = YES;
				"CODE_SIGN_IDENTITY[sdk=iphoneos*]" = "iPhone Developer";
				COPY_PHASE_STRIP = YES;
				ENABLE_NS_ASSERTIONS = NO;
				ENABLE_STRICT_OBJC_MSGSEND = YES;
				GCC_C_LANGUAGE_STANDARD = gnu99;
				GCC_WARN_64_TO_32_BIT_CONVERSION = YES;
				GCC_WARN_ABOUT_RETURN_TYPE = YES_ERROR;
				GCC_WARN_UNDECLARED_SELECTOR = YES;
				GCC_WARN_UNINITIALIZED_AUTOS = YES_AGGRESSIVE;
				GCC_WARN_UNUSED_FUNCTION = YES;
				GCC_WARN_UNUSED_VARIABLE = YES;
				IPHONEOS_DEPLOYMENT_TARGET = 8.0;
				METAL_ENABLE_DEBUG_INFO = NO;
				SDKROOT = iphoneos;
				TARGETED_DEVICE_FAMILY = "1,2";
				VALIDATE_PRODUCT = YES;
			};
			name = Release;
		};
		B66D03F819525D6B000B5CA4 /* Debug */ = {
			isa = XCBuildConfiguration;
			buildSettings = {
				ASSETCATALOG_COMPILER_APPICON_NAME = AppIcon;
				ASSETCATALOG_COMPILER_LAUNCHIMAGE_NAME = LaunchImage;
				INFOPLIST_FILE = "State Lab/Info.plist";
				LD_RUNPATH_SEARCH_PATHS = "$(inherited) @executable_path/Frameworks";
				PRODUCT_NAME = "$(TARGET_NAME)";
			};
			name = Debug;
		};
		B66D03F919525D6B000B5CA4 /* Release */ = {
			isa = XCBuildConfiguration;
			buildSettings = {
				ASSETCATALOG_COMPILER_APPICON_NAME = AppIcon;
				ASSETCATALOG_COMPILER_LAUNCHIMAGE_NAME = LaunchImage;
				INFOPLIST_FILE = "State Lab/Info.plist";
				LD_RUNPATH_SEARCH_PATHS = "$(inherited) @executable_path/Frameworks";
				PRODUCT_NAME = "$(TARGET_NAME)";
			};
			name = Release;
		};
		B66D03FB19525D6B000B5CA4 /* Debug */ = {
			isa = XCBuildConfiguration;
			buildSettings = {
				BUNDLE_LOADER = "$(BUILT_PRODUCTS_DIR)/State Lab.app/State Lab";
				FRAMEWORK_SEARCH_PATHS = (
					"$(SDKROOT)/Developer/Library/Frameworks",
					"$(inherited)",
				);
				GCC_PREPROCESSOR_DEFINITIONS = (
					"DEBUG=1",
					"$(inherited)",
				);
				INFOPLIST_FILE = "State LabTests/Info.plist";
				LD_RUNPATH_SEARCH_PATHS = "$(inherited) @executable_path/Frameworks @loader_path/Frameworks";
				METAL_ENABLE_DEBUG_INFO = YES;
				PRODUCT_NAME = "$(TARGET_NAME)";
				TEST_HOST = "$(BUNDLE_LOADER)";
			};
			name = Debug;
		};
		B66D03FC19525D6B000B5CA4 /* Release */ = {
			isa = XCBuildConfiguration;
			buildSettings = {
				BUNDLE_LOADER = "$(BUILT_PRODUCTS_DIR)/State Lab.app/State Lab";
				FRAMEWORK_SEARCH_PATHS = (
					"$(SDKROOT)/Developer/Library/Frameworks",
					"$(inherited)",
				);
				INFOPLIST_FILE = "State LabTests/Info.plist";
				LD_RUNPATH_SEARCH_PATHS = "$(inherited) @executable_path/Frameworks @loader_path/Frameworks";
				METAL_ENABLE_DEBUG_INFO = NO;
				PRODUCT_NAME = "$(TARGET_NAME)";
				TEST_HOST = "$(BUNDLE_LOADER)";
			};
			name = Release;
		};
/* End XCBuildConfiguration section */

/* Begin XCConfigurationList section */
		B66D03D619525D6A000B5CA4 /* Build configuration list for PBXProject "State Lab" */ = {
			isa = XCConfigurationList;
			buildConfigurations = (
				B66D03F519525D6B000B5CA4 /* Debug */,
				B66D03F619525D6B000B5CA4 /* Release */,
			);
			defaultConfigurationIsVisible = 0;
			defaultConfigurationName = Release;
		};
		B66D03F719525D6B000B5CA4 /* Build configuration list for PBXNativeTarget "State Lab" */ = {
			isa = XCConfigurationList;
			buildConfigurations = (
				B66D03F819525D6B000B5CA4 /* Debug */,
				B66D03F919525D6B000B5CA4 /* Release */,
			);
			defaultConfigurationIsVisible = 0;
			defaultConfigurationName = Release;
		};
		B66D03FA19525D6B000B5CA4 /* Build configuration list for PBXNativeTarget "State LabTests" */ = {
			isa = XCConfigurationList;
			buildConfigurations = (
				B66D03FB19525D6B000B5CA4 /* Debug */,
				B66D03FC19525D6B000B5CA4 /* Release */,
			);
			defaultConfigurationIsVisible = 0;
			defaultConfigurationName = Release;
		};
/* End XCConfigurationList section */
	};
	rootObject = B66D03D319525D6A000B5CA4 /* Project object */;
}
