// !$*UTF8*$!
{
	archiveVersion = 1;
	classes = {
	};
	objectVersion = 46;
	objects = {

/* Begin PBXBuildFile section */
		B6A5D52319BFE0DF009329D4 /* Launch Screen.xib in Resources */ = {isa = PBXBuildFile; fileRef = B6A5D52219BFE0DF009329D4 /* Launch Screen.xib */; };
		B6E241B21997F95500197D67 /* AppDelegate.swift in Sources */ = {isa = PBXBuildFile; fileRef = B6E241B11997F95500197D67 /* AppDelegate.swift */; };
		B6E241B41997F95500197D67 /* GameScene.sks in Resources */ = {isa = PBXBuildFile; fileRef = B6E241B31997F95500197D67 /* GameScene.sks */; };
		B6E241B61997F95500197D67 /* GameScene.swift in Sources */ = {isa = PBXBuildFile; fileRef = B6E241B51997F95500197D67 /* GameScene.swift */; };
		B6E241B81997F95500197D67 /* GameViewController.swift in Sources */ = {isa = PBXBuildFile; fileRef = B6E241B71997F95500197D67 /* GameViewController.swift */; };
		B6E241BB1997F95500197D67 /* Main.storyboard in Resources */ = {isa = PBXBuildFile; fileRef = B6E241B91997F95500197D67 /* Main.storyboard */; };
		B6E241BD1997F95500197D67 /* Images.xcassets in Resources */ = {isa = PBXBuildFile; fileRef = B6E241BC1997F95500197D67 /* Images.xcassets */; };
		B6E241C91997F95500197D67 /* ResizeModesTests.swift in Sources */ = {isa = PBXBuildFile; fileRef = B6E241C81997F95500197D67 /* ResizeModesTests.swift */; };
/* End PBXBuildFile section */

/* Begin PBXContainerItemProxy section */
		B6E241C31997F95500197D67 /* PBXContainerItemProxy */ = {
			isa = PBXContainerItemProxy;
			containerPortal = B6E241A41997F95500197D67 /* Project object */;
			proxyType = 1;
			remoteGlobalIDString = B6E241AB1997F95500197D67;
			remoteInfo = ResizeModes;
		};
/* End PBXContainerItemProxy section */

/* Begin PBXFileReference section */
		B6A5D52219BFE0DF009329D4 /* Launch Screen.xib */ = {isa = PBXFileReference; fileEncoding = 4; lastKnownFileType = file.xib; path = "Launch Screen.xib"; sourceTree = "<group>"; };
		B6E241AC1997F95500197D67 /* ResizeModes.app */ = {isa = PBXFileReference; explicitFileType = wrapper.application; includeInIndex = 0; path = ResizeModes.app; sourceTree = BUILT_PRODUCTS_DIR; };
		B6E241B01997F95500197D67 /* Info.plist */ = {isa = PBXFileReference; lastKnownFileType = text.plist.xml; path = Info.plist; sourceTree = "<group>"; };
		B6E241B11997F95500197D67 /* AppDelegate.swift */ = {isa = PBXFileReference; lastKnownFileType = sourcecode.swift; path = AppDelegate.swift; sourceTree = "<group>"; };
		B6E241B31997F95500197D67 /* GameScene.sks */ = {isa = PBXFileReference; lastKnownFileType = file.sks; path = GameScene.sks; sourceTree = "<group>"; };
		B6E241B51997F95500197D67 /* GameScene.swift */ = {isa = PBXFileReference; lastKnownFileType = sourcecode.swift; path = GameScene.swift; sourceTree = "<group>"; };
		B6E241B71997F95500197D67 /* GameViewController.swift */ = {isa = PBXFileReference; lastKnownFileType = sourcecode.swift; path = GameViewController.swift; sourceTree = "<group>"; };
		B6E241BA1997F95500197D67 /* Base */ = {isa = PBXFileReference; lastKnownFileType = file.storyboard; name = Base; path = Base.lproj/Main.storyboard; sourceTree = "<group>"; };
		B6E241BC1997F95500197D67 /* Images.xcassets */ = {isa = PBXFileReference; lastKnownFileType = folder.assetcatalog; path = Images.xcassets; sourceTree = "<group>"; };
		B6E241C21997F95500197D67 /* ResizeModesTests.xctest */ = {isa = PBXFileReference; explicitFileType = wrapper.cfbundle; includeInIndex = 0; path = ResizeModesTests.xctest; sourceTree = BUILT_PRODUCTS_DIR; };
		B6E241C71997F95500197D67 /* Info.plist */ = {isa = PBXFileReference; lastKnownFileType = text.plist.xml; path = Info.plist; sourceTree = "<group>"; };
		B6E241C81997F95500197D67 /* ResizeModesTests.swift */ = {isa = PBXFileReference; lastKnownFileType = sourcecode.swift; path = ResizeModesTests.swift; sourceTree = "<group>"; };
/* End PBXFileReference section */

/* Begin PBXFrameworksBuildPhase section */
		B6E241A91997F95500197D67 /* Frameworks */ = {
			isa = PBXFrameworksBuildPhase;
			buildActionMask = 2147483647;
			files = (
			);
			runOnlyForDeploymentPostprocessing = 0;
		};
		B6E241BF1997F95500197D67 /* Frameworks */ = {
			isa = PBXFrameworksBuildPhase;
			buildActionMask = 2147483647;
			files = (
			);
			runOnlyForDeploymentPostprocessing = 0;
		};
/* End PBXFrameworksBuildPhase section */

/* Begin PBXGroup section */
		B6E241A31997F95500197D67 = {
			isa = PBXGroup;
			children = (
				B6E241AE1997F95500197D67 /* ResizeModes */,
				B6E241C51997F95500197D67 /* ResizeModesTests */,
				B6E241AD1997F95500197D67 /* Products */,
			);
			sourceTree = "<group>";
		};
		B6E241AD1997F95500197D67 /* Products */ = {
			isa = PBXGroup;
			children = (
				B6E241AC1997F95500197D67 /* ResizeModes.app */,
				B6E241C21997F95500197D67 /* ResizeModesTests.xctest */,
			);
			name = Products;
			sourceTree = "<group>";
		};
		B6E241AE1997F95500197D67 /* ResizeModes */ = {
			isa = PBXGroup;
			children = (
				B6E241B11997F95500197D67 /* AppDelegate.swift */,
				B6E241B31997F95500197D67 /* GameScene.sks */,
				B6E241B51997F95500197D67 /* GameScene.swift */,
				B6E241B71997F95500197D67 /* GameViewController.swift */,
				B6E241B91997F95500197D67 /* Main.storyboard */,
				B6A5D52219BFE0DF009329D4 /* Launch Screen.xib */,
				B6E241BC1997F95500197D67 /* Images.xcassets */,
				B6E241AF1997F95500197D67 /* Supporting Files */,
			);
			path = ResizeModes;
			sourceTree = "<group>";
		};
		B6E241AF1997F95500197D67 /* Supporting Files */ = {
			isa = PBXGroup;
			children = (
				B6E241B01997F95500197D67 /* Info.plist */,
			);
			name = "Supporting Files";
			sourceTree = "<group>";
		};
		B6E241C51997F95500197D67 /* ResizeModesTests */ = {
			isa = PBXGroup;
			children = (
				B6E241C81997F95500197D67 /* ResizeModesTests.swift */,
				B6E241C61997F95500197D67 /* Supporting Files */,
			);
			path = ResizeModesTests;
			sourceTree = "<group>";
		};
		B6E241C61997F95500197D67 /* Supporting Files */ = {
			isa = PBXGroup;
			children = (
				B6E241C71997F95500197D67 /* Info.plist */,
			);
			name = "Supporting Files";
			sourceTree = "<group>";
		};
/* End PBXGroup section */

/* Begin PBXNativeTarget section */
		B6E241AB1997F95500197D67 /* ResizeModes */ = {
			isa = PBXNativeTarget;
			buildConfigurationList = B6E241CC1997F95500197D67 /* Build configuration list for PBXNativeTarget "ResizeModes" */;
			buildPhases = (
				B6E241A81997F95500197D67 /* Sources */,
				B6E241A91997F95500197D67 /* Frameworks */,
				B6E241AA1997F95500197D67 /* Resources */,
			);
			buildRules = (
			);
			dependencies = (
			);
			name = ResizeModes;
			productName = ResizeModes;
			productReference = B6E241AC1997F95500197D67 /* ResizeModes.app */;
			productType = "com.apple.product-type.application";
		};
		B6E241C11997F95500197D67 /* ResizeModesTests */ = {
			isa = PBXNativeTarget;
			buildConfigurationList = B6E241CF1997F95500197D67 /* Build configuration list for PBXNativeTarget "ResizeModesTests" */;
			buildPhases = (
				B6E241BE1997F95500197D67 /* Sources */,
				B6E241BF1997F95500197D67 /* Frameworks */,
				B6E241C01997F95500197D67 /* Resources */,
			);
			buildRules = (
			);
			dependencies = (
				B6E241C41997F95500197D67 /* PBXTargetDependency */,
			);
			name = ResizeModesTests;
			productName = ResizeModesTests;
			productReference = B6E241C21997F95500197D67 /* ResizeModesTests.xctest */;
			productType = "com.apple.product-type.bundle.unit-test";
		};
/* End PBXNativeTarget section */

/* Begin PBXProject section */
		B6E241A41997F95500197D67 /* Project object */ = {
			isa = PBXProject;
			attributes = {
				LastUpgradeCheck = 0600;
				ORGANIZATIONNAME = Apress;
				TargetAttributes = {
					B6E241AB1997F95500197D67 = {
						CreatedOnToolsVersion = 6.0;
					};
					B6E241C11997F95500197D67 = {
						CreatedOnToolsVersion = 6.0;
						TestTargetID = B6E241AB1997F95500197D67;
					};
				};
			};
			buildConfigurationList = B6E241A71997F95500197D67 /* Build configuration list for PBXProject "ResizeModes" */;
			compatibilityVersion = "Xcode 3.2";
			developmentRegion = English;
			hasScannedForEncodings = 0;
			knownRegions = (
				en,
				Base,
			);
			mainGroup = B6E241A31997F95500197D67;
			productRefGroup = B6E241AD1997F95500197D67 /* Products */;
			projectDirPath = "";
			projectRoot = "";
			targets = (
				B6E241AB1997F95500197D67 /* ResizeModes */,
				B6E241C11997F95500197D67 /* ResizeModesTests */,
			);
		};
/* End PBXProject section */

/* Begin PBXResourcesBuildPhase section */
		B6E241AA1997F95500197D67 /* Resources */ = {
			isa = PBXResourcesBuildPhase;
			buildActionMask = 2147483647;
			files = (
				B6E241BD1997F95500197D67 /* Images.xcassets in Resources */,
				B6A5D52319BFE0DF009329D4 /* Launch Screen.xib in Resources */,
				B6E241B41997F95500197D67 /* GameScene.sks in Resources */,
				B6E241BB1997F95500197D67 /* Main.storyboard in Resources */,
			);
			runOnlyForDeploymentPostprocessing = 0;
		};
		B6E241C01997F95500197D67 /* Resources */ = {
			isa = PBXResourcesBuildPhase;
			buildActionMask = 2147483647;
			files = (
			);
			runOnlyForDeploymentPostprocessing = 0;
		};
/* End PBXResourcesBuildPhase section */

/* Begin PBXSourcesBuildPhase section */
		B6E241A81997F95500197D67 /* Sources */ = {
			isa = PBXSourcesBuildPhase;
			buildActionMask = 2147483647;
			files = (
				B6E241B61997F95500197D67 /* GameScene.swift in Sources */,
				B6E241B81997F95500197D67 /* GameViewController.swift in Sources */,
				B6E241B21997F95500197D67 /* AppDelegate.swift in Sources */,
			);
			runOnlyForDeploymentPostprocessing = 0;
		};
		B6E241BE1997F95500197D67 /* Sources */ = {
			isa = PBXSourcesBuildPhase;
			buildActionMask = 2147483647;
			files = (
				B6E241C91997F95500197D67 /* ResizeModesTests.swift in Sources */,
			);
			runOnlyForDeploymentPostprocessing = 0;
		};
/* End PBXSourcesBuildPhase section */

/* Begin PBXTargetDependency section */
		B6E241C41997F95500197D67 /* PBXTargetDependency */ = {
			isa = PBXTargetDependency;
			target = B6E241AB1997F95500197D67 /* ResizeModes */;
			targetProxy = B6E241C31997F95500197D67 /* PBXContainerItemProxy */;
		};
/* End PBXTargetDependency section */

/* Begin PBXVariantGroup section */
		B6E241B91997F95500197D67 /* Main.storyboard */ = {
			isa = PBXVariantGroup;
			children = (
				B6E241BA1997F95500197D67 /* Base */,
			);
			name = Main.storyboard;
			sourceTree = "<group>";
		};
/* End PBXVariantGroup section */

/* Begin XCBuildConfiguration section */
		B6E241CA1997F95500197D67 /* Debug */ = {
			isa = XCBuildConfiguration;
			buildSettings = {
				ALWAYS_SEARCH_USER_PATHS = NO;
				CLANG_CXX_LANGUAGE_STANDARD = "gnu++0x";
				CLANG_CXX_LIBRARY = "libc++";
				CLANG_ENABLE_MODULES = YES;
				CLANG_ENABLE_OBJC_ARC = YES;
				CLANG_WARN_BOOL_CONVERSION = YES;
				CLANG_WARN_CONSTANT_CONVERSION = YES;
				CLANG_WARN_DIRECT_OBJC_ISA_USAGE = YES_ERROR;
				CLANG_WARN_EMPTY_BODY = YES;
				CLANG_WARN_ENUM_CONVERSION = YES;
				CLANG_WARN_INT_CONVERSION = YES;
				CLANG_WARN_OBJC_ROOT_CLASS = YES_ERROR;
				CLANG_WARN_UNREACHABLE_CODE = YES;
				CLANG_WARN__DUPLICATE_METHOD_MATCH = YES;
				"CODE_SIGN_IDENTITY[sdk=iphoneos*]" = "iPhone Developer";
				COPY_PHASE_STRIP = NO;
				ENABLE_STRICT_OBJC_MSGSEND = YES;
				GCC_C_LANGUAGE_STANDARD = gnu99;
				GCC_DYNAMIC_NO_PIC = NO;
				GCC_OPTIMIZATION_LEVEL = 0;
				GCC_PREPROCESSOR_DEFINITIONS = (
					"DEBUG=1",
					"$(inherited)",
				);
				GCC_SYMBOLS_PRIVATE_EXTERN = NO;
				GCC_WARN_64_TO_32_BIT_CONVERSION = YES;
				GCC_WARN_ABOUT_RETURN_TYPE = YES_ERROR;
				GCC_WARN_UNDECLARED_SELECTOR = YES;
				GCC_WARN_UNINITIALIZED_AUTOS = YES_AGGRESSIVE;
				GCC_WARN_UNUSED_FUNCTION = YES;
				GCC_WARN_UNUSED_VARIABLE = YES;
				IPHONEOS_DEPLOYMENT_TARGET = 8.0;
				MTL_ENABLE_DEBUG_INFO = YES;
				ONLY_ACTIVE_ARCH = YES;
				SDKROOT = iphoneos;
				SWIFT_OPTIMIZATION_LEVEL = "-Onone";
				TARGETED_DEVICE_FAMILY = "1,2";
			};
			name = Debug;
		};
		B6E241CB1997F95500197D67 /* Release */ = {
			isa = XCBuildConfiguration;
			buildSettings = {
				ALWAYS_SEARCH_USER_PATHS = NO;
				CLANG_CXX_LANGUAGE_STANDARD = "gnu++0x";
				CLANG_CXX_LIBRARY = "libc++";
				CLANG_ENABLE_MODULES = YES;
				CLANG_ENABLE_OBJC_ARC = YES;
				CLANG_WARN_BOOL_CONVERSION = YES;
				CLANG_WARN_CONSTANT_CONVERSION = YES;
				CLANG_WARN_DIRECT_OBJC_ISA_USAGE = YES_ERROR;
				CLANG_WARN_EMPTY_BODY = YES;
				CLANG_WARN_ENUM_CONVERSION = YES;
				CLANG_WARN_INT_CONVERSION = YES;
				CLANG_WARN_OBJC_ROOT_CLASS = YES_ERROR;
				CLANG_WARN_UNREACHABLE_CODE = YES;
				CLANG_WARN__DUPLICATE_METHOD_MATCH = YES;
				"CODE_SIGN_IDENTITY[sdk=iphoneos*]" = "iPhone Developer";
				COPY_PHASE_STRIP = YES;
				ENABLE_NS_ASSERTIONS = NO;
				ENABLE_STRICT_OBJC_MSGSEND = YES;
				GCC_C_LANGUAGE_STANDARD = gnu99;
				GCC_WARN_64_TO_32_BIT_CONVERSION = YES;
				GCC_WARN_ABOUT_RETURN_TYPE = YES_ERROR;
				GCC_WARN_UNDECLARED_SELECTOR = YES;
				GCC_WARN_UNINITIALIZED_AUTOS = YES_AGGRESSIVE;
				GCC_WARN_UNUSED_FUNCTION = YES;
				GCC_WARN_UNUSED_VARIABLE = YES;
				IPHONEOS_DEPLOYMENT_TARGET = 8.0;
				MTL_ENABLE_DEBUG_INFO = NO;
				SDKROOT = iphoneos;
				TARGETED_DEVICE_FAMILY = "1,2";
				VALIDATE_PRODUCT = YES;
			};
			name = Release;
		};
		B6E241CD1997F95500197D67 /* Debug */ = {
			isa = XCBuildConfiguration;
			buildSettings = {
				ASSETCATALOG_COMPILER_APPICON_NAME = AppIcon;
				ASSETCATALOG_COMPILER_LAUNCHIMAGE_NAME = LaunchImage;
				INFOPLIST_FILE = ResizeModes/Info.plist;
				LD_RUNPATH_SEARCH_PATHS = "$(inherited) @executable_path/Frameworks";
				PRODUCT_NAME = "$(TARGET_NAME)";
			};
			name = Debug;
		};
		B6E241CE1997F95500197D67 /* Release */ = {
			isa = XCBuildConfiguration;
			buildSettings = {
				ASSETCATALOG_COMPILER_APPICON_NAME = AppIcon;
				ASSETCATALOG_COMPILER_LAUNCHIMAGE_NAME = LaunchImage;
				INFOPLIST_FILE = ResizeModes/Info.plist;
				LD_RUNPATH_SEARCH_PATHS = "$(inherited) @executable_path/Frameworks";
				PRODUCT_NAME = "$(TARGET_NAME)";
			};
			name = Release;
		};
		B6E241D01997F95500197D67 /* Debug */ = {
			isa = XCBuildConfiguration;
			buildSettings = {
				BUNDLE_LOADER = "$(TEST_HOST)";
				FRAMEWORK_SEARCH_PATHS = (
					"$(SDKROOT)/Developer/Library/Frameworks",
					"$(inherited)",
				);
				GCC_PREPROCESSOR_DEFINITIONS = (
					"DEBUG=1",
					"$(inherited)",
				);
				INFOPLIST_FILE = ResizeModesTests/Info.plist;
				LD_RUNPATH_SEARCH_PATHS = "$(inherited) @executable_path/Frameworks @loader_path/Frameworks";
				PRODUCT_NAME = "$(TARGET_NAME)";
				TEST_HOST = "$(BUILT_PRODUCTS_DIR)/ResizeModes.app/ResizeModes";
			};
			name = Debug;
		};
		B6E241D11997F95500197D67 /* Release */ = {
			isa = XCBuildConfiguration;
			buildSettings = {
				BUNDLE_LOADER = "$(TEST_HOST)";
				FRAMEWORK_SEARCH_PATHS = (
					"$(SDKROOT)/Developer/Library/Frameworks",
					"$(inherited)",
				);
				INFOPLIST_FILE = ResizeModesTests/Info.plist;
				LD_RUNPATH_SEARCH_PATHS = "$(inherited) @executable_path/Frameworks @loader_path/Frameworks";
				PRODUCT_NAME = "$(TARGET_NAME)";
				TEST_HOST = "$(BUILT_PRODUCTS_DIR)/ResizeModes.app/ResizeModes";
			};
			name = Release;
		};
/* End XCBuildConfiguration section */

/* Begin XCConfigurationList section */
		B6E241A71997F95500197D67 /* Build configuration list for PBXProject "ResizeModes" */ = {
			isa = XCConfigurationList;
			buildConfigurations = (
				B6E241CA1997F95500197D67 /* Debug */,
				B6E241CB1997F95500197D67 /* Release */,
			);
			defaultConfigurationIsVisible = 0;
			defaultConfigurationName = Release;
		};
		B6E241CC1997F95500197D67 /* Build configuration list for PBXNativeTarget "ResizeModes" */ = {
			isa = XCConfigurationList;
			buildConfigurations = (
				B6E241CD1997F95500197D67 /* Debug */,
				B6E241CE1997F95500197D67 /* Release */,
			);
			defaultConfigurationIsVisible = 0;
			defaultConfigurationName = Release;
		};
		B6E241CF1997F95500197D67 /* Build configuration list for PBXNativeTarget "ResizeModesTests" */ = {
			isa = XCConfigurationList;
			buildConfigurations = (
				B6E241D01997F95500197D67 /* Debug */,
				B6E241D11997F95500197D67 /* Release */,
			);
			defaultConfigurationIsVisible = 0;
			defaultConfigurationName = Release;
		};
/* End XCConfigurationList section */
	};
	rootObject = B6E241A41997F95500197D67 /* Project object */;
}
