// !$*UTF8*$!
{
	archiveVersion = 1;
	classes = {
	};
	objectVersion = 46;
	objects = {

/* Begin PBXBuildFile section */
		B6C7A24219F442B0000AD575 /* AppDelegate.swift in Sources */ = {isa = PBXBuildFile; fileRef = B6C7A24119F442B0000AD575 /* AppDelegate.swift */; };
		B6C7A24419F442B0000AD575 /* ViewController.swift in Sources */ = {isa = PBXBuildFile; fileRef = B6C7A24319F442B0000AD575 /* ViewController.swift */; };
		B6C7A24719F442B0000AD575 /* Main.storyboard in Resources */ = {isa = PBXBuildFile; fileRef = B6C7A24519F442B0000AD575 /* Main.storyboard */; };
		B6C7A24919F442B0000AD575 /* Images.xcassets in Resources */ = {isa = PBXBuildFile; fileRef = B6C7A24819F442B0000AD575 /* Images.xcassets */; };
		B6C7A24C19F442B0000AD575 /* LaunchScreen.xib in Resources */ = {isa = PBXBuildFile; fileRef = B6C7A24A19F442B0000AD575 /* LaunchScreen.xib */; };
		B6C7A25819F442B0000AD575 /* OrientationsTests.swift in Sources */ = {isa = PBXBuildFile; fileRef = B6C7A25719F442B0000AD575 /* OrientationsTests.swift */; };
/* End PBXBuildFile section */

/* Begin PBXContainerItemProxy section */
		B6C7A25219F442B0000AD575 /* PBXContainerItemProxy */ = {
			isa = PBXContainerItemProxy;
			containerPortal = B6C7A23419F442AF000AD575 /* Project object */;
			proxyType = 1;
			remoteGlobalIDString = B6C7A23B19F442B0000AD575;
			remoteInfo = Orientations;
		};
/* End PBXContainerItemProxy section */

/* Begin PBXFileReference section */
		B6C7A23C19F442B0000AD575 /* Orientations.app */ = {isa = PBXFileReference; explicitFileType = wrapper.application; includeInIndex = 0; path = Orientations.app; sourceTree = BUILT_PRODUCTS_DIR; };
		B6C7A24019F442B0000AD575 /* Info.plist */ = {isa = PBXFileReference; lastKnownFileType = text.plist.xml; path = Info.plist; sourceTree = "<group>"; };
		B6C7A24119F442B0000AD575 /* AppDelegate.swift */ = {isa = PBXFileReference; lastKnownFileType = sourcecode.swift; path = AppDelegate.swift; sourceTree = "<group>"; };
		B6C7A24319F442B0000AD575 /* ViewController.swift */ = {isa = PBXFileReference; lastKnownFileType = sourcecode.swift; path = ViewController.swift; sourceTree = "<group>"; };
		B6C7A24619F442B0000AD575 /* Base */ = {isa = PBXFileReference; lastKnownFileType = file.storyboard; name = Base; path = Base.lproj/Main.storyboard; sourceTree = "<group>"; };
		B6C7A24819F442B0000AD575 /* Images.xcassets */ = {isa = PBXFileReference; lastKnownFileType = folder.assetcatalog; path = Images.xcassets; sourceTree = "<group>"; };
		B6C7A24B19F442B0000AD575 /* Base */ = {isa = PBXFileReference; lastKnownFileType = file.xib; name = Base; path = Base.lproj/LaunchScreen.xib; sourceTree = "<group>"; };
		B6C7A25119F442B0000AD575 /* OrientationsTests.xctest */ = {isa = PBXFileReference; explicitFileType = wrapper.cfbundle; includeInIndex = 0; path = OrientationsTests.xctest; sourceTree = BUILT_PRODUCTS_DIR; };
		B6C7A25619F442B0000AD575 /* Info.plist */ = {isa = PBXFileReference; lastKnownFileType = text.plist.xml; path = Info.plist; sourceTree = "<group>"; };
		B6C7A25719F442B0000AD575 /* OrientationsTests.swift */ = {isa = PBXFileReference; lastKnownFileType = sourcecode.swift; path = OrientationsTests.swift; sourceTree = "<group>"; };
/* End PBXFileReference section */

/* Begin PBXFrameworksBuildPhase section */
		B6C7A23919F442B0000AD575 /* Frameworks */ = {
			isa = PBXFrameworksBuildPhase;
			buildActionMask = 2147483647;
			files = (
			);
			runOnlyForDeploymentPostprocessing = 0;
		};
		B6C7A24E19F442B0000AD575 /* Frameworks */ = {
			isa = PBXFrameworksBuildPhase;
			buildActionMask = 2147483647;
			files = (
			);
			runOnlyForDeploymentPostprocessing = 0;
		};
/* End PBXFrameworksBuildPhase section */

/* Begin PBXGroup section */
		B6C7A23319F442AF000AD575 = {
			isa = PBXGroup;
			children = (
				B6C7A23E19F442B0000AD575 /* Orientations */,
				B6C7A25419F442B0000AD575 /* OrientationsTests */,
				B6C7A23D19F442B0000AD575 /* Products */,
			);
			sourceTree = "<group>";
		};
		B6C7A23D19F442B0000AD575 /* Products */ = {
			isa = PBXGroup;
			children = (
				B6C7A23C19F442B0000AD575 /* Orientations.app */,
				B6C7A25119F442B0000AD575 /* OrientationsTests.xctest */,
			);
			name = Products;
			sourceTree = "<group>";
		};
		B6C7A23E19F442B0000AD575 /* Orientations */ = {
			isa = PBXGroup;
			children = (
				B6C7A24119F442B0000AD575 /* AppDelegate.swift */,
				B6C7A24319F442B0000AD575 /* ViewController.swift */,
				B6C7A24519F442B0000AD575 /* Main.storyboard */,
				B6C7A24819F442B0000AD575 /* Images.xcassets */,
				B6C7A24A19F442B0000AD575 /* LaunchScreen.xib */,
				B6C7A23F19F442B0000AD575 /* Supporting Files */,
			);
			path = Orientations;
			sourceTree = "<group>";
		};
		B6C7A23F19F442B0000AD575 /* Supporting Files */ = {
			isa = PBXGroup;
			children = (
				B6C7A24019F442B0000AD575 /* Info.plist */,
			);
			name = "Supporting Files";
			sourceTree = "<group>";
		};
		B6C7A25419F442B0000AD575 /* OrientationsTests */ = {
			isa = PBXGroup;
			children = (
				B6C7A25719F442B0000AD575 /* OrientationsTests.swift */,
				B6C7A25519F442B0000AD575 /* Supporting Files */,
			);
			path = OrientationsTests;
			sourceTree = "<group>";
		};
		B6C7A25519F442B0000AD575 /* Supporting Files */ = {
			isa = PBXGroup;
			children = (
				B6C7A25619F442B0000AD575 /* Info.plist */,
			);
			name = "Supporting Files";
			sourceTree = "<group>";
		};
/* End PBXGroup section */

/* Begin PBXNativeTarget section */
		B6C7A23B19F442B0000AD575 /* Orientations */ = {
			isa = PBXNativeTarget;
			buildConfigurationList = B6C7A25B19F442B0000AD575 /* Build configuration list for PBXNativeTarget "Orientations" */;
			buildPhases = (
				B6C7A23819F442B0000AD575 /* Sources */,
				B6C7A23919F442B0000AD575 /* Frameworks */,
				B6C7A23A19F442B0000AD575 /* Resources */,
			);
			buildRules = (
			);
			dependencies = (
			);
			name = Orientations;
			productName = Orientations;
			productReference = B6C7A23C19F442B0000AD575 /* Orientations.app */;
			productType = "com.apple.product-type.application";
		};
		B6C7A25019F442B0000AD575 /* OrientationsTests */ = {
			isa = PBXNativeTarget;
			buildConfigurationList = B6C7A25E19F442B0000AD575 /* Build configuration list for PBXNativeTarget "OrientationsTests" */;
			buildPhases = (
				B6C7A24D19F442B0000AD575 /* Sources */,
				B6C7A24E19F442B0000AD575 /* Frameworks */,
				B6C7A24F19F442B0000AD575 /* Resources */,
			);
			buildRules = (
			);
			dependencies = (
				B6C7A25319F442B0000AD575 /* PBXTargetDependency */,
			);
			name = OrientationsTests;
			productName = OrientationsTests;
			productReference = B6C7A25119F442B0000AD575 /* OrientationsTests.xctest */;
			productType = "com.apple.product-type.bundle.unit-test";
		};
/* End PBXNativeTarget section */

/* Begin PBXProject section */
		B6C7A23419F442AF000AD575 /* Project object */ = {
			isa = PBXProject;
			attributes = {
				LastUpgradeCheck = 0610;
				ORGANIZATIONNAME = Apress;
				TargetAttributes = {
					B6C7A23B19F442B0000AD575 = {
						CreatedOnToolsVersion = 6.1;
					};
					B6C7A25019F442B0000AD575 = {
						CreatedOnToolsVersion = 6.1;
						TestTargetID = B6C7A23B19F442B0000AD575;
					};
				};
			};
			buildConfigurationList = B6C7A23719F442AF000AD575 /* Build configuration list for PBXProject "Orientations" */;
			compatibilityVersion = "Xcode 3.2";
			developmentRegion = English;
			hasScannedForEncodings = 0;
			knownRegions = (
				en,
				Base,
			);
			mainGroup = B6C7A23319F442AF000AD575;
			productRefGroup = B6C7A23D19F442B0000AD575 /* Products */;
			projectDirPath = "";
			projectRoot = "";
			targets = (
				B6C7A23B19F442B0000AD575 /* Orientations */,
				B6C7A25019F442B0000AD575 /* OrientationsTests */,
			);
		};
/* End PBXProject section */

/* Begin PBXResourcesBuildPhase section */
		B6C7A23A19F442B0000AD575 /* Resources */ = {
			isa = PBXResourcesBuildPhase;
			buildActionMask = 2147483647;
			files = (
				B6C7A24719F442B0000AD575 /* Main.storyboard in Resources */,
				B6C7A24C19F442B0000AD575 /* LaunchScreen.xib in Resources */,
				B6C7A24919F442B0000AD575 /* Images.xcassets in Resources */,
			);
			runOnlyForDeploymentPostprocessing = 0;
		};
		B6C7A24F19F442B0000AD575 /* Resources */ = {
			isa = PBXResourcesBuildPhase;
			buildActionMask = 2147483647;
			files = (
			);
			runOnlyForDeploymentPostprocessing = 0;
		};
/* End PBXResourcesBuildPhase section */

/* Begin PBXSourcesBuildPhase section */
		B6C7A23819F442B0000AD575 /* Sources */ = {
			isa = PBXSourcesBuildPhase;
			buildActionMask = 2147483647;
			files = (
				B6C7A24419F442B0000AD575 /* ViewController.swift in Sources */,
				B6C7A24219F442B0000AD575 /* AppDelegate.swift in Sources */,
			);
			runOnlyForDeploymentPostprocessing = 0;
		};
		B6C7A24D19F442B0000AD575 /* Sources */ = {
			isa = PBXSourcesBuildPhase;
			buildActionMask = 2147483647;
			files = (
				B6C7A25819F442B0000AD575 /* OrientationsTests.swift in Sources */,
			);
			runOnlyForDeploymentPostprocessing = 0;
		};
/* End PBXSourcesBuildPhase section */

/* Begin PBXTargetDependency section */
		B6C7A25319F442B0000AD575 /* PBXTargetDependency */ = {
			isa = PBXTargetDependency;
			target = B6C7A23B19F442B0000AD575 /* Orientations */;
			targetProxy = B6C7A25219F442B0000AD575 /* PBXContainerItemProxy */;
		};
/* End PBXTargetDependency section */

/* Begin PBXVariantGroup section */
		B6C7A24519F442B0000AD575 /* Main.storyboard */ = {
			isa = PBXVariantGroup;
			children = (
				B6C7A24619F442B0000AD575 /* Base */,
			);
			name = Main.storyboard;
			sourceTree = "<group>";
		};
		B6C7A24A19F442B0000AD575 /* LaunchScreen.xib */ = {
			isa = PBXVariantGroup;
			children = (
				B6C7A24B19F442B0000AD575 /* Base */,
			);
			name = LaunchScreen.xib;
			sourceTree = "<group>";
		};
/* End PBXVariantGroup section */

/* Begin XCBuildConfiguration section */
		B6C7A25919F442B0000AD575 /* Debug */ = {
			isa = XCBuildConfiguration;
			buildSettings = {
				ALWAYS_SEARCH_USER_PATHS = NO;
				CLANG_CXX_LANGUAGE_STANDARD = "gnu++0x";
				CLANG_CXX_LIBRARY = "libc++";
				CLANG_ENABLE_MODULES = YES;
				CLANG_ENABLE_OBJC_ARC = YES;
				CLANG_WARN_BOOL_CONVERSION = YES;
				CLANG_WARN_CONSTANT_CONVERSION = YES;
				CLANG_WARN_DIRECT_OBJC_ISA_USAGE = YES_ERROR;
				CLANG_WARN_EMPTY_BODY = YES;
				CLANG_WARN_ENUM_CONVERSION = YES;
				CLANG_WARN_INT_CONVERSION = YES;
				CLANG_WARN_OBJC_ROOT_CLASS = YES_ERROR;
				CLANG_WARN_UNREACHABLE_CODE = YES;
				CLANG_WARN__DUPLICATE_METHOD_MATCH = YES;
				"CODE_SIGN_IDENTITY[sdk=iphoneos*]" = "iPhone Developer";
				COPY_PHASE_STRIP = NO;
				ENABLE_STRICT_OBJC_MSGSEND = YES;
				GCC_C_LANGUAGE_STANDARD = gnu99;
				GCC_DYNAMIC_NO_PIC = NO;
				GCC_OPTIMIZATION_LEVEL = 0;
				GCC_PREPROCESSOR_DEFINITIONS = (
					"DEBUG=1",
					"$(inherited)",
				);
				GCC_SYMBOLS_PRIVATE_EXTERN = NO;
				GCC_WARN_64_TO_32_BIT_CONVERSION = YES;
				GCC_WARN_ABOUT_RETURN_TYPE = YES_ERROR;
				GCC_WARN_UNDECLARED_SELECTOR = YES;
				GCC_WARN_UNINITIALIZED_AUTOS = YES_AGGRESSIVE;
				GCC_WARN_UNUSED_FUNCTION = YES;
				GCC_WARN_UNUSED_VARIABLE = YES;
				IPHONEOS_DEPLOYMENT_TARGET = 8.1;
				MTL_ENABLE_DEBUG_INFO = YES;
				ONLY_ACTIVE_ARCH = YES;
				SDKROOT = iphoneos;
				SWIFT_OPTIMIZATION_LEVEL = "-Onone";
				TARGETED_DEVICE_FAMILY = "1,2";
			};
			name = Debug;
		};
		B6C7A25A19F442B0000AD575 /* Release */ = {
			isa = XCBuildConfiguration;
			buildSettings = {
				ALWAYS_SEARCH_USER_PATHS = NO;
				CLANG_CXX_LANGUAGE_STANDARD = "gnu++0x";
				CLANG_CXX_LIBRARY = "libc++";
				CLANG_ENABLE_MODULES = YES;
				CLANG_ENABLE_OBJC_ARC = YES;
				CLANG_WARN_BOOL_CONVERSION = YES;
				CLANG_WARN_CONSTANT_CONVERSION = YES;
				CLANG_WARN_DIRECT_OBJC_ISA_USAGE = YES_ERROR;
				CLANG_WARN_EMPTY_BODY = YES;
				CLANG_WARN_ENUM_CONVERSION = YES;
				CLANG_WARN_INT_CONVERSION = YES;
				CLANG_WARN_OBJC_ROOT_CLASS = YES_ERROR;
				CLANG_WARN_UNREACHABLE_CODE = YES;
				CLANG_WARN__DUPLICATE_METHOD_MATCH = YES;
				"CODE_SIGN_IDENTITY[sdk=iphoneos*]" = "iPhone Developer";
				COPY_PHASE_STRIP = YES;
				ENABLE_NS_ASSERTIONS = NO;
				ENABLE_STRICT_OBJC_MSGSEND = YES;
				GCC_C_LANGUAGE_STANDARD = gnu99;
				GCC_WARN_64_TO_32_BIT_CONVERSION = YES;
				GCC_WARN_ABOUT_RETURN_TYPE = YES_ERROR;
				GCC_WARN_UNDECLARED_SELECTOR = YES;
				GCC_WARN_UNINITIALIZED_AUTOS = YES_AGGRESSIVE;
				GCC_WARN_UNUSED_FUNCTION = YES;
				GCC_WARN_UNUSED_VARIABLE = YES;
				IPHONEOS_DEPLOYMENT_TARGET = 8.1;
				MTL_ENABLE_DEBUG_INFO = NO;
				SDKROOT = iphoneos;
				TARGETED_DEVICE_FAMILY = "1,2";
				VALIDATE_PRODUCT = YES;
			};
			name = Release;
		};
		B6C7A25C19F442B0000AD575 /* Debug */ = {
			isa = XCBuildConfiguration;
			buildSettings = {
				ASSETCATALOG_COMPILER_APPICON_NAME = AppIcon;
				INFOPLIST_FILE = Orientations/Info.plist;
				IPHONEOS_DEPLOYMENT_TARGET = 8.0;
				LD_RUNPATH_SEARCH_PATHS = "$(inherited) @executable_path/Frameworks";
				PRODUCT_NAME = "$(TARGET_NAME)";
			};
			name = Debug;
		};
		B6C7A25D19F442B0000AD575 /* Release */ = {
			isa = XCBuildConfiguration;
			buildSettings = {
				ASSETCATALOG_COMPILER_APPICON_NAME = AppIcon;
				INFOPLIST_FILE = Orientations/Info.plist;
				IPHONEOS_DEPLOYMENT_TARGET = 8.0;
				LD_RUNPATH_SEARCH_PATHS = "$(inherited) @executable_path/Frameworks";
				PRODUCT_NAME = "$(TARGET_NAME)";
			};
			name = Release;
		};
		B6C7A25F19F442B0000AD575 /* Debug */ = {
			isa = XCBuildConfiguration;
			buildSettings = {
				BUNDLE_LOADER = "$(TEST_HOST)";
				FRAMEWORK_SEARCH_PATHS = (
					"$(SDKROOT)/Developer/Library/Frameworks",
					"$(inherited)",
				);
				GCC_PREPROCESSOR_DEFINITIONS = (
					"DEBUG=1",
					"$(inherited)",
				);
				INFOPLIST_FILE = OrientationsTests/Info.plist;
				LD_RUNPATH_SEARCH_PATHS = "$(inherited) @executable_path/Frameworks @loader_path/Frameworks";
				PRODUCT_NAME = "$(TARGET_NAME)";
				TEST_HOST = "$(BUILT_PRODUCTS_DIR)/Orientations.app/Orientations";
			};
			name = Debug;
		};
		B6C7A26019F442B0000AD575 /* Release */ = {
			isa = XCBuildConfiguration;
			buildSettings = {
				BUNDLE_LOADER = "$(TEST_HOST)";
				FRAMEWORK_SEARCH_PATHS = (
					"$(SDKROOT)/Developer/Library/Frameworks",
					"$(inherited)",
				);
				INFOPLIST_FILE = OrientationsTests/Info.plist;
				LD_RUNPATH_SEARCH_PATHS = "$(inherited) @executable_path/Frameworks @loader_path/Frameworks";
				PRODUCT_NAME = "$(TARGET_NAME)";
				TEST_HOST = "$(BUILT_PRODUCTS_DIR)/Orientations.app/Orientations";
			};
			name = Release;
		};
/* End XCBuildConfiguration section */

/* Begin XCConfigurationList section */
		B6C7A23719F442AF000AD575 /* Build configuration list for PBXProject "Orientations" */ = {
			isa = XCConfigurationList;
			buildConfigurations = (
				B6C7A25919F442B0000AD575 /* Debug */,
				B6C7A25A19F442B0000AD575 /* Release */,
			);
			defaultConfigurationIsVisible = 0;
			defaultConfigurationName = Release;
		};
		B6C7A25B19F442B0000AD575 /* Build configuration list for PBXNativeTarget "Orientations" */ = {
			isa = XCConfigurationList;
			buildConfigurations = (
				B6C7A25C19F442B0000AD575 /* Debug */,
				B6C7A25D19F442B0000AD575 /* Release */,
			);
			defaultConfigurationIsVisible = 0;
			defaultConfigurationName = Release;
		};
		B6C7A25E19F442B0000AD575 /* Build configuration list for PBXNativeTarget "OrientationsTests" */ = {
			isa = XCConfigurationList;
			buildConfigurations = (
				B6C7A25F19F442B0000AD575 /* Debug */,
				B6C7A26019F442B0000AD575 /* Release */,
			);
			defaultConfigurationIsVisible = 0;
			defaultConfigurationName = Release;
		};
/* End XCConfigurationList section */
	};
	rootObject = B6C7A23419F442AF000AD575 /* Project object */;
}
